
Microsoft Visual Studio Solution File, Format Version 12.00
# Visual Studio Version 17
VisualStudioVersion = 17.11.35222.181
MinimumVisualStudioVersion = 10.0.40219.1
Project("{2150E333-8FDC-42A3-9474-1A3956D46DE8}") = "Task0", "Task0", "{BB8A2591-7B73-4F8E-863E-FF9374E39AA1}"
EndProject
Project("{2150E333-8FDC-42A3-9474-1A3956D46DE8}") = "Task1", "Task1", "{1D6B6716-171E-4EA5-A8E6-75F6986EB2B3}"
EndProject
Project("{2150E333-8FDC-42A3-9474-1A3956D46DE8}") = "Task2", "Task2", "{E61A93CC-F18E-4D37-94AF-FC104A084FD2}"
EndProject
Project("{2150E333-8FDC-42A3-9474-1A3956D46DE8}") = "Task3", "Task3", "{3BA281B4-7729-48A0-A023-CE3F16DC9075}"
EndProject
Project("{2150E333-8FDC-42A3-9474-1A3956D46DE8}") = "Task4", "Task4", "{9D804641-0197-4434-BF96-233E10343587}"
EndProject
Project("{2150E333-8FDC-42A3-9474-1A3956D46DE8}") = "Task5", "Task5", "{0B77B1E0-0B8E-4AA4-8A9C-88FF2864A667}"
EndProject
Project("{2150E333-8FDC-42A3-9474-1A3956D46DE8}") = "Task6", "Task6", "{8E53DB6E-500D-43C4-9A8D-A8CDCBAF503A}"
EndProject
Project("{2150E333-8FDC-42A3-9474-1A3956D46DE8}") = "Task7", "Task7", "{288BD5B8-FC71-4A99-AB31-E4ADF459433F}"
EndProject
Project("{9A19103F-16F7-4668-BE54-9A1E7A4F7556}") = "Tyuiu.ZaharovVV.Sprint4.Task0.V21", "Tyuiu.ZaharovVV.Sprint4.Task0.V21\Tyuiu.ZaharovVV.Sprint4.Task0.V21.csproj", "{29D75A47-0ECC-48F3-87AC-334F58167130}"
EndProject
Project("{9A19103F-16F7-4668-BE54-9A1E7A4F7556}") = "Tyuiu.ZaharovVV.Sprint4.Task0.V21.Lib", "Tyuiu.ZaharovVV.Sprint4.Task0.V21.Lib\Tyuiu.ZaharovVV.Sprint4.Task0.V21.Lib.csproj", "{81979A33-004E-4F22-90C8-22206190FDDD}"
EndProject
Project("{9A19103F-16F7-4668-BE54-9A1E7A4F7556}") = "Tyuiu.ZaharovVV.Sprint4.Task0.V21.Test", "Tyuiu.ZaharovVV.Sprint4.Task0.V21.Test\Tyuiu.ZaharovVV.Sprint4.Task0.V21.Test.csproj", "{408D8365-708C-44F5-8F75-C133F655A9C0}"
EndProject
Project("{9A19103F-16F7-4668-BE54-9A1E7A4F7556}") = "Tyuiu.ZaharovVV.Sprint4.Task1.V9", "Tyuiu.ZaharovVV.Sprint4.Task1.V9\Tyuiu.ZaharovVV.Sprint4.Task1.V9.csproj", "{495443D0-8207-436F-8EF0-F1F58C387F0C}"
EndProject
Project("{9A19103F-16F7-4668-BE54-9A1E7A4F7556}") = "Tyuiu.ZaharovVV.Sprint4.Task1.V9.Lib", "Tyuiu.ZaharovVV.Sprint4.Task1.V9.Lib\Tyuiu.ZaharovVV.Sprint4.Task1.V9.Lib.csproj", "{9361E253-ECF1-402C-A487-368F760F334B}"
EndProject
Project("{9A19103F-16F7-4668-BE54-9A1E7A4F7556}") = "Tyuiu.ZaharovVV.Sprint4.Task1.V9.Test", "Tyuiu.ZaharovVV.Sprint4.Task1.V9.Test\Tyuiu.ZaharovVV.Sprint4.Task1.V9.Test.csproj", "{7A30C809-41DB-4407-82B8-7852998D9A61}"
EndProject
Project("{9A19103F-16F7-4668-BE54-9A1E7A4F7556}") = "Tyuiu.ZaharovVV.Sprint4.Task2.V14", "Tyuiu.ZaharovVV.Sprint4.Task2.V14\Tyuiu.ZaharovVV.Sprint4.Task2.V14.csproj", "{C29E0EAE-C9F0-4F0E-BA27-350C2ED7FA8A}"
EndProject
Project("{9A19103F-16F7-4668-BE54-9A1E7A4F7556}") = "Tyuiu.ZaharovVV.Sprint4.Task2.V14.Lib", "Tyuiu.ZaharovVV.Sprint4.Task2.V14.Lib\Tyuiu.ZaharovVV.Sprint4.Task2.V14.Lib.csproj", "{FF1DA2A3-A858-4423-8FF9-D07714203666}"
EndProject
Project("{9A19103F-16F7-4668-BE54-9A1E7A4F7556}") = "Tyuiu.ZaharovVV.Sprint4.Task2.V14.Test", "Tyuiu.ZaharovVV.Sprint4.Task2.V14.Test\Tyuiu.ZaharovVV.Sprint4.Task2.V14.Test.csproj", "{EA916E6A-8E75-4CDE-90F3-9E6FE644752B}"
EndProject
Project("{9A19103F-16F7-4668-BE54-9A1E7A4F7556}") = "Tyuiu.ZaharovVV.Sprint4.Task3.V8", "Tyuiu.ZaharovVV.Sprint4.Task3.V8\Tyuiu.ZaharovVV.Sprint4.Task3.V8.csproj", "{2EC60072-EEE9-4D5B-85FB-E42EBB983030}"
EndProject
Project("{9A19103F-16F7-4668-BE54-9A1E7A4F7556}") = "Tyuiu.ZaharovVV.Sprint4.Task3.V8.Lib", "Tyuiu.ZaharovVV.Sprint4.Task3.V8.Lib\Tyuiu.ZaharovVV.Sprint4.Task3.V8.Lib.csproj", "{F267E3BC-5DEF-4E98-9136-C51D7B619686}"
EndProject
Project("{9A19103F-16F7-4668-BE54-9A1E7A4F7556}") = "Tyuiu.ZaharovVV.Sprint4.Task3.V8.Test", "Tyuiu.ZaharovVV.Sprint4.Task3.V8.Test\Tyuiu.ZaharovVV.Sprint4.Task3.V8.Test.csproj", "{A8019C91-C8EF-4B44-9A1E-5D2AEA2189E9}"
EndProject
Project("{9A19103F-16F7-4668-BE54-9A1E7A4F7556}") = "Tyuiu.ZaharovVV.Sprint4.Task4.V9", "Tyuiu.ZaharovVV.Sprint4.Task4.V9\Tyuiu.ZaharovVV.Sprint4.Task4.V9.csproj", "{39F8BA87-14C1-4D96-B11F-24CD7DE2A3F7}"
EndProject
Project("{9A19103F-16F7-4668-BE54-9A1E7A4F7556}") = "Tyuiu.ZaharovVV.Sprint4.Task4.V9.Lib", "Tyuiu.ZaharovVV.Sprint4.Task4.V9.Lib\Tyuiu.ZaharovVV.Sprint4.Task4.V9.Lib.csproj", "{66023063-A6B7-4250-8C3D-9F0B02AFC85A}"
EndProject
Project("{9A19103F-16F7-4668-BE54-9A1E7A4F7556}") = "Tyuiu.ZaharovVV.Sprint4.Task4.V9.Test", "Tyuiu.ZaharovVV.Sprint4.Task4.V9.Test\Tyuiu.ZaharovVV.Sprint4.Task4.V9.Test.csproj", "{772E55F1-B801-4EF0-B94C-27B9CC450DC4}"
EndProject
Project("{9A19103F-16F7-4668-BE54-9A1E7A4F7556}") = "Tyuiu.ZaharovVV.Sprint4.Task5.V5.Lib", "Tyuiu.ZaharovVV.Sprint4.Task5.V5.Lib\Tyuiu.ZaharovVV.Sprint4.Task5.V5.Lib.csproj", "{2C8CAE4C-83D9-4218-8106-B04942967638}"
EndProject
Project("{FAE04EC0-301F-11D3-BF4B-00C04F79EFBC}") = "Tyuiu.ZaharovVV.Sprint4.Task6.V25.Lib", "Tyuiu.ZaharovVV.Sprint4.Task6.V25.Lib\Tyuiu.ZaharovVV.Sprint4.Task6.V25.Lib.csproj", "{30916D40-5927-4583-B67E-BADAA15753AB}"
EndProject
Project("{FAE04EC0-301F-11D3-BF4B-00C04F79EFBC}") = "Tyuiu.ZaharovVV.Sprint4.Task7.V13", "Tyuiu.ZaharovVV.Sprint4.Task7.V13\Tyuiu.ZaharovVV.Sprint4.Task7.V13.csproj", "{AC7E4F32-758A-42A9-BBE2-5439ADF2DED0}"
EndProject
Global
	GlobalSection(SolutionConfigurationPlatforms) = preSolution
		Debug|Any CPU = Debug|Any CPU
		Release|Any CPU = Release|Any CPU
	EndGlobalSection
	GlobalSection(ProjectConfigurationPlatforms) = postSolution
		{29D75A47-0ECC-48F3-87AC-334F58167130}.Debug|Any CPU.ActiveCfg = Debug|Any CPU
		{29D75A47-0ECC-48F3-87AC-334F58167130}.Debug|Any CPU.Build.0 = Debug|Any CPU
		{29D75A47-0ECC-48F3-87AC-334F58167130}.Release|Any CPU.ActiveCfg = Release|Any CPU
		{29D75A47-0ECC-48F3-87AC-334F58167130}.Release|Any CPU.Build.0 = Release|Any CPU
		{81979A33-004E-4F22-90C8-22206190FDDD}.Debug|Any CPU.ActiveCfg = Debug|Any CPU
		{81979A33-004E-4F22-90C8-22206190FDDD}.Debug|Any CPU.Build.0 = Debug|Any CPU
		{81979A33-004E-4F22-90C8-22206190FDDD}.Release|Any CPU.ActiveCfg = Release|Any CPU
		{81979A33-004E-4F22-90C8-22206190FDDD}.Release|Any CPU.Build.0 = Release|Any CPU
		{408D8365-708C-44F5-8F75-C133F655A9C0}.Debug|Any CPU.ActiveCfg = Debug|Any CPU
		{408D8365-708C-44F5-8F75-C133F655A9C0}.Debug|Any CPU.Build.0 = Debug|Any CPU
		{408D8365-708C-44F5-8F75-C133F655A9C0}.Release|Any CPU.ActiveCfg = Release|Any CPU
		{408D8365-708C-44F5-8F75-C133F655A9C0}.Release|Any CPU.Build.0 = Release|Any CPU
		{495443D0-8207-436F-8EF0-F1F58C387F0C}.Debug|Any CPU.ActiveCfg = Debug|Any CPU
		{495443D0-8207-436F-8EF0-F1F58C387F0C}.Debug|Any CPU.Build.0 = Debug|Any CPU
		{495443D0-8207-436F-8EF0-F1F58C387F0C}.Release|Any CPU.ActiveCfg = Release|Any CPU
		{495443D0-8207-436F-8EF0-F1F58C387F0C}.Release|Any CPU.Build.0 = Release|Any CPU
		{9361E253-ECF1-402C-A487-368F760F334B}.Debug|Any CPU.ActiveCfg = Debug|Any CPU
		{9361E253-ECF1-402C-A487-368F760F334B}.Debug|Any CPU.Build.0 = Debug|Any CPU
		{9361E253-ECF1-402C-A487-368F760F334B}.Release|Any CPU.ActiveCfg = Release|Any CPU
		{9361E253-ECF1-402C-A487-368F760F334B}.Release|Any CPU.Build.0 = Release|Any CPU
		{7A30C809-41DB-4407-82B8-7852998D9A61}.Debug|Any CPU.ActiveCfg = Debug|Any CPU
		{7A30C809-41DB-4407-82B8-7852998D9A61}.Debug|Any CPU.Build.0 = Debug|Any CPU
		{7A30C809-41DB-4407-82B8-7852998D9A61}.Release|Any CPU.ActiveCfg = Release|Any CPU
		{7A30C809-41DB-4407-82B8-7852998D9A61}.Release|Any CPU.Build.0 = Release|Any CPU
		{C29E0EAE-C9F0-4F0E-BA27-350C2ED7FA8A}.Debug|Any CPU.ActiveCfg = Debug|Any CPU
		{C29E0EAE-C9F0-4F0E-BA27-350C2ED7FA8A}.Debug|Any CPU.Build.0 = Debug|Any CPU
		{C29E0EAE-C9F0-4F0E-BA27-350C2ED7FA8A}.Release|Any CPU.ActiveCfg = Release|Any CPU
		{C29E0EAE-C9F0-4F0E-BA27-350C2ED7FA8A}.Release|Any CPU.Build.0 = Release|Any CPU
		{FF1DA2A3-A858-4423-8FF9-D07714203666}.Debug|Any CPU.ActiveCfg = Debug|Any CPU
		{FF1DA2A3-A858-4423-8FF9-D07714203666}.Debug|Any CPU.Build.0 = Debug|Any CPU
		{FF1DA2A3-A858-4423-8FF9-D07714203666}.Release|Any CPU.ActiveCfg = Release|Any CPU
		{FF1DA2A3-A858-4423-8FF9-D07714203666}.Release|Any CPU.Build.0 = Release|Any CPU
		{EA916E6A-8E75-4CDE-90F3-9E6FE644752B}.Debug|Any CPU.ActiveCfg = Debug|Any CPU
		{EA916E6A-8E75-4CDE-90F3-9E6FE644752B}.Debug|Any CPU.Build.0 = Debug|Any CPU
		{EA916E6A-8E75-4CDE-90F3-9E6FE644752B}.Release|Any CPU.ActiveCfg = Release|Any CPU
		{EA916E6A-8E75-4CDE-90F3-9E6FE644752B}.Release|Any CPU.Build.0 = Release|Any CPU
		{2EC60072-EEE9-4D5B-85FB-E42EBB983030}.Debug|Any CPU.ActiveCfg = Debug|Any CPU
		{2EC60072-EEE9-4D5B-85FB-E42EBB983030}.Debug|Any CPU.Build.0 = Debug|Any CPU
		{2EC60072-EEE9-4D5B-85FB-E42EBB983030}.Release|Any CPU.ActiveCfg = Release|Any CPU
		{2EC60072-EEE9-4D5B-85FB-E42EBB983030}.Release|Any CPU.Build.0 = Release|Any CPU
		{F267E3BC-5DEF-4E98-9136-C51D7B619686}.Debug|Any CPU.ActiveCfg = Debug|Any CPU
		{F267E3BC-5DEF-4E98-9136-C51D7B619686}.Debug|Any CPU.Build.0 = Debug|Any CPU
		{F267E3BC-5DEF-4E98-9136-C51D7B619686}.Release|Any CPU.ActiveCfg = Release|Any CPU
		{F267E3BC-5DEF-4E98-9136-C51D7B619686}.Release|Any CPU.Build.0 = Release|Any CPU
		{A8019C91-C8EF-4B44-9A1E-5D2AEA2189E9}.Debug|Any CPU.ActiveCfg = Debug|Any CPU
		{A8019C91-C8EF-4B44-9A1E-5D2AEA2189E9}.Debug|Any CPU.Build.0 = Debug|Any CPU
		{A8019C91-C8EF-4B44-9A1E-5D2AEA2189E9}.Release|Any CPU.ActiveCfg = Release|Any CPU
		{A8019C91-C8EF-4B44-9A1E-5D2AEA2189E9}.Release|Any CPU.Build.0 = Release|Any CPU
		{39F8BA87-14C1-4D96-B11F-24CD7DE2A3F7}.Debug|Any CPU.ActiveCfg = Debug|Any CPU
		{39F8BA87-14C1-4D96-B11F-24CD7DE2A3F7}.Debug|Any CPU.Build.0 = Debug|Any CPU
		{39F8BA87-14C1-4D96-B11F-24CD7DE2A3F7}.Release|Any CPU.ActiveCfg = Release|Any CPU
		{39F8BA87-14C1-4D96-B11F-24CD7DE2A3F7}.Release|Any CPU.Build.0 = Release|Any CPU
		{66023063-A6B7-4250-8C3D-9F0B02AFC85A}.Debug|Any CPU.ActiveCfg = Debug|Any CPU
		{66023063-A6B7-4250-8C3D-9F0B02AFC85A}.Debug|Any CPU.Build.0 = Debug|Any CPU
		{66023063-A6B7-4250-8C3D-9F0B02AFC85A}.Release|Any CPU.ActiveCfg = Release|Any CPU
		{66023063-A6B7-4250-8C3D-9F0B02AFC85A}.Release|Any CPU.Build.0 = Release|Any CPU
		{772E55F1-B801-4EF0-B94C-27B9CC450DC4}.Debug|Any CPU.ActiveCfg = Debug|Any CPU
		{772E55F1-B801-4EF0-B94C-27B9CC450DC4}.Debug|Any CPU.Build.0 = Debug|Any CPU
		{772E55F1-B801-4EF0-B94C-27B9CC450DC4}.Release|Any CPU.ActiveCfg = Release|Any CPU
		{772E55F1-B801-4EF0-B94C-27B9CC450DC4}.Release|Any CPU.Build.0 = Release|Any CPU
		{2C8CAE4C-83D9-4218-8106-B04942967638}.Debug|Any CPU.ActiveCfg = Debug|Any CPU
		{2C8CAE4C-83D9-4218-8106-B04942967638}.Debug|Any CPU.Build.0 = Debug|Any CPU
		{2C8CAE4C-83D9-4218-8106-B04942967638}.Release|Any CPU.ActiveCfg = Release|Any CPU
		{2C8CAE4C-83D9-4218-8106-B04942967638}.Release|Any CPU.Build.0 = Release|Any CPU
		{30916D40-5927-4583-B67E-BADAA15753AB}.Debug|Any CPU.ActiveCfg = Debug|Any CPU
		{30916D40-5927-4583-B67E-BADAA15753AB}.Debug|Any CPU.Build.0 = Debug|Any CPU
		{30916D40-5927-4583-B67E-BADAA15753AB}.Release|Any CPU.ActiveCfg = Release|Any CPU
		{30916D40-5927-4583-B67E-BADAA15753AB}.Release|Any CPU.Build.0 = Release|Any CPU
		{AC7E4F32-758A-42A9-BBE2-5439ADF2DED0}.Debug|Any CPU.ActiveCfg = Debug|Any CPU
		{AC7E4F32-758A-42A9-BBE2-5439ADF2DED0}.Debug|Any CPU.Build.0 = Debug|Any CPU
		{AC7E4F32-758A-42A9-BBE2-5439ADF2DED0}.Release|Any CPU.ActiveCfg = Release|Any CPU
		{AC7E4F32-758A-42A9-BBE2-5439ADF2DED0}.Release|Any CPU.Build.0 = Release|Any CPU
	EndGlobalSection
	GlobalSection(SolutionProperties) = preSolution
		HideSolutionNode = FALSE
	EndGlobalSection
	GlobalSection(NestedProjects) = preSolution
		{29D75A47-0ECC-48F3-87AC-334F58167130} = {BB8A2591-7B73-4F8E-863E-FF9374E39AA1}
		{81979A33-004E-4F22-90C8-22206190FDDD} = {BB8A2591-7B73-4F8E-863E-FF9374E39AA1}
		{408D8365-708C-44F5-8F75-C133F655A9C0} = {BB8A2591-7B73-4F8E-863E-FF9374E39AA1}
		{495443D0-8207-436F-8EF0-F1F58C387F0C} = {1D6B6716-171E-4EA5-A8E6-75F6986EB2B3}
		{9361E253-ECF1-402C-A487-368F760F334B} = {1D6B6716-171E-4EA5-A8E6-75F6986EB2B3}
		{7A30C809-41DB-4407-82B8-7852998D9A61} = {1D6B6716-171E-4EA5-A8E6-75F6986EB2B3}
		{C29E0EAE-C9F0-4F0E-BA27-350C2ED7FA8A} = {E61A93CC-F18E-4D37-94AF-FC104A084FD2}
		{FF1DA2A3-A858-4423-8FF9-D07714203666} = {E61A93CC-F18E-4D37-94AF-FC104A084FD2}
		{EA916E6A-8E75-4CDE-90F3-9E6FE644752B} = {E61A93CC-F18E-4D37-94AF-FC104A084FD2}
		{2EC60072-EEE9-4D5B-85FB-E42EBB983030} = {3BA281B4-7729-48A0-A023-CE3F16DC9075}
		{F267E3BC-5DEF-4E98-9136-C51D7B619686} = {3BA281B4-7729-48A0-A023-CE3F16DC9075}
		{A8019C91-C8EF-4B44-9A1E-5D2AEA2189E9} = {3BA281B4-7729-48A0-A023-CE3F16DC9075}
		{39F8BA87-14C1-4D96-B11F-24CD7DE2A3F7} = {9D804641-0197-4434-BF96-233E10343587}
		{66023063-A6B7-4250-8C3D-9F0B02AFC85A} = {9D804641-0197-4434-BF96-233E10343587}
		{772E55F1-B801-4EF0-B94C-27B9CC450DC4} = {9D804641-0197-4434-BF96-233E10343587}
		{2C8CAE4C-83D9-4218-8106-B04942967638} = {0B77B1E0-0B8E-4AA4-8A9C-88FF2864A667}
		{30916D40-5927-4583-B67E-BADAA15753AB} = {8E53DB6E-500D-43C4-9A8D-A8CDCBAF503A}
		{AC7E4F32-758A-42A9-BBE2-5439ADF2DED0} = {288BD5B8-FC71-4A99-AB31-E4ADF459433F}
	EndGlobalSection
	GlobalSection(ExtensibilityGlobals) = postSolution
		SolutionGuid = {C7BA1BDF-894C-4F8C-AB79-A7355D825CEC}
	EndGlobalSection
EndGlobal
